
Microsoft Visual Studio Solution File, Format Version 12.00
# Visual Studio Version 16
VisualStudioVersion = 16.0.29728.190
MinimumVisualStudioVersion = 10.0.40219.1
Project("{888888A0-9F3D-457C-B088-3A5042F75D52}") = "Spam-Ham-Kaggle2", "Spam-Ham-Kaggle2\Spam-Ham-Kaggle2.pyproj", "{22A33FFC-96CD-4EC2-A45C-4F764902104A}"
EndProject
Global
	GlobalSection(SolutionConfigurationPlatforms) = preSolution
		Debug|Any CPU = Debug|Any CPU
		Release|Any CPU = Release|Any CPU
	EndGlobalSection
	GlobalSection(ProjectConfigurationPlatforms) = postSolution
		{22A33FFC-96CD-4EC2-A45C-4F764902104A}.Debug|Any CPU.ActiveCfg = Debug|Any CPU
		{22A33FFC-96CD-4EC2-A45C-4F764902104A}.Release|Any CPU.ActiveCfg = Release|Any CPU
	EndGlobalSection
	GlobalSection(SolutionProperties) = preSolution
		HideSolutionNode = FALSE
	EndGlobalSection
	GlobalSection(ExtensibilityGlobals) = postSolution
		SolutionGuid = {49BB8DBF-4158-4AC0-9E3B-721E4966B4CF}
	EndGlobalSection
EndGlobal
